
Microsoft Visual Studio Solution File, Format Version 12.00
# Visual Studio Version 17
VisualStudioVersion = 17.9.34902.65
MinimumVisualStudioVersion = 10.0.40219.1
Project("{FAE04EC0-301F-11D3-BF4B-00C04F79EFBC}") = "TestApp", "TestApp.csproj", "{1168874B-0666-4B9C-9502-1EC92A03572A}"
EndProject
Project("{FAE04EC0-301F-11D3-BF4B-00C04F79EFBC}") = "TestApp1", "..\TestApp1\TestApp1.csproj", "{CE0AD224-E3FD-4047-88F2-BB392364E3CF}"
EndProject
Global
	GlobalSection(SolutionConfigurationPlatforms) = preSolution
		Debug|Any CPU = Debug|Any CPU
		Release|Any CPU = Release|Any CPU
	EndGlobalSection
	GlobalSection(ProjectConfigurationPlatforms) = postSolution
		{1168874B-0666-4B9C-9502-1EC92A03572A}.Debug|Any CPU.ActiveCfg = Debug|Any CPU
		{1168874B-0666-4B9C-9502-1EC92A03572A}.Debug|Any CPU.Build.0 = Debug|Any CPU
		{1168874B-0666-4B9C-9502-1EC92A03572A}.Release|Any CPU.ActiveCfg = Release|Any CPU
		{1168874B-0666-4B9C-9502-1EC92A03572A}.Release|Any CPU.Build.0 = Release|Any CPU
		{CE0AD224-E3FD-4047-88F2-BB392364E3CF}.Debug|Any CPU.ActiveCfg = Debug|Any CPU
		{CE0AD224-E3FD-4047-88F2-BB392364E3CF}.Debug|Any CPU.Build.0 = Debug|Any CPU
		{CE0AD224-E3FD-4047-88F2-BB392364E3CF}.Release|Any CPU.ActiveCfg = Release|Any CPU
		{CE0AD224-E3FD-4047-88F2-BB392364E3CF}.Release|Any CPU.Build.0 = Release|Any CPU
	EndGlobalSection
	GlobalSection(SolutionProperties) = preSolution
		HideSolutionNode = FALSE
	EndGlobalSection
	GlobalSection(ExtensibilityGlobals) = postSolution
		SolutionGuid = {09B07014-99A0-45D2-B612-F0A004E83814}
	EndGlobalSection
EndGlobal
